// !$*UTF8*$!
{
	archiveVersion = 1;
	classes = {
	};
	objectVersion = 50;
	objects = {

/* Begin PBXBuildFile section */
		4759012424A993EA00926050 /* TorrentView.swift in Sources */ = {isa = PBXBuildFile; fileRef = 4759012324A993EA00926050 /* TorrentView.swift */; };
		4759012524A993EA00926050 /* TorrentView.swift in Sources */ = {isa = PBXBuildFile; fileRef = 4759012324A993EA00926050 /* TorrentView.swift */; };
		47BFEDD824A8F11E00A5EA7D /* DelugeRemoteApp.swift in Sources */ = {isa = PBXBuildFile; fileRef = 47BFEDC524A8F11D00A5EA7D /* DelugeRemoteApp.swift */; };
		47BFEDD924A8F11E00A5EA7D /* DelugeRemoteApp.swift in Sources */ = {isa = PBXBuildFile; fileRef = 47BFEDC524A8F11D00A5EA7D /* DelugeRemoteApp.swift */; };
		47BFEDDA24A8F11E00A5EA7D /* ContentView.swift in Sources */ = {isa = PBXBuildFile; fileRef = 47BFEDC624A8F11D00A5EA7D /* ContentView.swift */; };
		47BFEDDB24A8F11E00A5EA7D /* ContentView.swift in Sources */ = {isa = PBXBuildFile; fileRef = 47BFEDC624A8F11D00A5EA7D /* ContentView.swift */; };
		47BFEDDC24A8F11E00A5EA7D /* Assets.xcassets in Resources */ = {isa = PBXBuildFile; fileRef = 47BFEDC724A8F11E00A5EA7D /* Assets.xcassets */; };
		47BFEDDD24A8F11E00A5EA7D /* Assets.xcassets in Resources */ = {isa = PBXBuildFile; fileRef = 47BFEDC724A8F11E00A5EA7D /* Assets.xcassets */; };
		47BFEDE824A8F4C100A5EA7D /* AppSidebarNavigation.swift in Sources */ = {isa = PBXBuildFile; fileRef = 47BFEDE724A8F4C100A5EA7D /* AppSidebarNavigation.swift */; };
		47BFEDE924A8F4C100A5EA7D /* AppSidebarNavigation.swift in Sources */ = {isa = PBXBuildFile; fileRef = 47BFEDE724A8F4C100A5EA7D /* AppSidebarNavigation.swift */; };
		47BFEDEB24A8F7AF00A5EA7D /* data.json in Resources */ = {isa = PBXBuildFile; fileRef = 47BFEDEA24A8F7AF00A5EA7D /* data.json */; };
		47BFEDEC24A8F7AF00A5EA7D /* data.json in Resources */ = {isa = PBXBuildFile; fileRef = 47BFEDEA24A8F7AF00A5EA7D /* data.json */; };
		47BFEDFA24A8F8EF00A5EA7D /* TorrentOverview.swift in Sources */ = {isa = PBXBuildFile; fileRef = 47BFEDF024A8F8EF00A5EA7D /* TorrentOverview.swift */; };
		47BFEDFB24A8F8EF00A5EA7D /* TorrentOverview.swift in Sources */ = {isa = PBXBuildFile; fileRef = 47BFEDF024A8F8EF00A5EA7D /* TorrentOverview.swift */; };
		47BFEDFC24A8F8EF00A5EA7D /* DelugeFileProgress.swift in Sources */ = {isa = PBXBuildFile; fileRef = 47BFEDF124A8F8EF00A5EA7D /* DelugeFileProgress.swift */; };
		47BFEDFD24A8F8EF00A5EA7D /* DelugeFileProgress.swift in Sources */ = {isa = PBXBuildFile; fileRef = 47BFEDF124A8F8EF00A5EA7D /* DelugeFileProgress.swift */; };
		47BFEDFE24A8F8EF00A5EA7D /* DelugeBool.swift in Sources */ = {isa = PBXBuildFile; fileRef = 47BFEDF224A8F8EF00A5EA7D /* DelugeBool.swift */; };
		47BFEDFF24A8F8EF00A5EA7D /* DelugeBool.swift in Sources */ = {isa = PBXBuildFile; fileRef = 47BFEDF224A8F8EF00A5EA7D /* DelugeBool.swift */; };
		47BFEE0024A8F8EF00A5EA7D /* Host.swift in Sources */ = {isa = PBXBuildFile; fileRef = 47BFEDF324A8F8EF00A5EA7D /* Host.swift */; };
		47BFEE0124A8F8EF00A5EA7D /* Host.swift in Sources */ = {isa = PBXBuildFile; fileRef = 47BFEDF324A8F8EF00A5EA7D /* Host.swift */; };
		47BFEE0224A8F8EF00A5EA7D /* TorrentInfo.swift in Sources */ = {isa = PBXBuildFile; fileRef = 47BFEDF424A8F8EF00A5EA7D /* TorrentInfo.swift */; };
		47BFEE0324A8F8EF00A5EA7D /* TorrentInfo.swift in Sources */ = {isa = PBXBuildFile; fileRef = 47BFEDF424A8F8EF00A5EA7D /* TorrentInfo.swift */; };
		47BFEE0424A8F8EF00A5EA7D /* Torrent.swift in Sources */ = {isa = PBXBuildFile; fileRef = 47BFEDF524A8F8EF00A5EA7D /* Torrent.swift */; };
		47BFEE0524A8F8EF00A5EA7D /* Torrent.swift in Sources */ = {isa = PBXBuildFile; fileRef = 47BFEDF524A8F8EF00A5EA7D /* Torrent.swift */; };
		47BFEE0624A8F8EF00A5EA7D /* SessionStatus.swift in Sources */ = {isa = PBXBuildFile; fileRef = 47BFEDF624A8F8EF00A5EA7D /* SessionStatus.swift */; };
		47BFEE0724A8F8EF00A5EA7D /* SessionStatus.swift in Sources */ = {isa = PBXBuildFile; fileRef = 47BFEDF624A8F8EF00A5EA7D /* SessionStatus.swift */; };
		47BFEE0824A8F8EF00A5EA7D /* TorrentConfig.swift in Sources */ = {isa = PBXBuildFile; fileRef = 47BFEDF724A8F8EF00A5EA7D /* TorrentConfig.swift */; };
		47BFEE0924A8F8EF00A5EA7D /* TorrentConfig.swift in Sources */ = {isa = PBXBuildFile; fileRef = 47BFEDF724A8F8EF00A5EA7D /* TorrentConfig.swift */; };
		47BFEE1F24A8FD1800A5EA7D /* Int.swift in Sources */ = {isa = PBXBuildFile; fileRef = 47BFEE1B24A8FD1800A5EA7D /* Int.swift */; };
		47BFEE2024A8FD1800A5EA7D /* Int.swift in Sources */ = {isa = PBXBuildFile; fileRef = 47BFEE1B24A8FD1800A5EA7D /* Int.swift */; };
		47BFEE2124A8FD1800A5EA7D /* String.swift in Sources */ = {isa = PBXBuildFile; fileRef = 47BFEE1C24A8FD1800A5EA7D /* String.swift */; };
		47BFEE2224A8FD1800A5EA7D /* String.swift in Sources */ = {isa = PBXBuildFile; fileRef = 47BFEE1C24A8FD1800A5EA7D /* String.swift */; };
		47BFEE2524A8FD1800A5EA7D /* Double.swift in Sources */ = {isa = PBXBuildFile; fileRef = 47BFEE1E24A8FD1800A5EA7D /* Double.swift */; };
		47BFEE2624A8FD1800A5EA7D /* Double.swift in Sources */ = {isa = PBXBuildFile; fileRef = 47BFEE1E24A8FD1800A5EA7D /* Double.swift */; };
		47BFEE2924A8FD9300A5EA7D /* VisualEffectBlur.swift in Sources */ = {isa = PBXBuildFile; fileRef = 47BFEE2724A8FD9300A5EA7D /* VisualEffectBlur.swift */; };
		47BFEE2E24A900CD00A5EA7D /* TorrentRow.swift in Sources */ = {isa = PBXBuildFile; fileRef = 47BFEE2D24A900CD00A5EA7D /* TorrentRow.swift */; };
		47BFEE2F24A900CD00A5EA7D /* TorrentRow.swift in Sources */ = {isa = PBXBuildFile; fileRef = 47BFEE2D24A900CD00A5EA7D /* TorrentRow.swift */; };
		47DF660624A911D70001D32F /* TorrentList.swift in Sources */ = {isa = PBXBuildFile; fileRef = 47DF660524A911D70001D32F /* TorrentList.swift */; };
		47DF660724A911D70001D32F /* TorrentList.swift in Sources */ = {isa = PBXBuildFile; fileRef = 47DF660524A911D70001D32F /* TorrentList.swift */; };
		47DF660D24A94A780001D32F /* ContentRow.swift in Sources */ = {isa = PBXBuildFile; fileRef = 47DF660C24A94A780001D32F /* ContentRow.swift */; };
		47DF660E24A94A780001D32F /* ContentRow.swift in Sources */ = {isa = PBXBuildFile; fileRef = 47DF660C24A94A780001D32F /* ContentRow.swift */; };
		47DF661024A953970001D32F /* Torrent+SwiftUI.swift in Sources */ = {isa = PBXBuildFile; fileRef = 47DF660F24A953970001D32F /* Torrent+SwiftUI.swift */; };
		47DF661124A953970001D32F /* Torrent+SwiftUI.swift in Sources */ = {isa = PBXBuildFile; fileRef = 47DF660F24A953970001D32F /* Torrent+SwiftUI.swift */; };
/* End PBXBuildFile section */

/* Begin PBXFileReference section */
		4759012324A993EA00926050 /* TorrentView.swift */ = {isa = PBXFileReference; lastKnownFileType = sourcecode.swift; path = TorrentView.swift; sourceTree = "<group>"; };
		47BFEDC524A8F11D00A5EA7D /* DelugeRemoteApp.swift */ = {isa = PBXFileReference; lastKnownFileType = sourcecode.swift; path = DelugeRemoteApp.swift; sourceTree = "<group>"; };
		47BFEDC624A8F11D00A5EA7D /* ContentView.swift */ = {isa = PBXFileReference; lastKnownFileType = sourcecode.swift; path = ContentView.swift; sourceTree = "<group>"; };
		47BFEDC724A8F11E00A5EA7D /* Assets.xcassets */ = {isa = PBXFileReference; lastKnownFileType = folder.assetcatalog; path = Assets.xcassets; sourceTree = "<group>"; };
		47BFEDCC24A8F11E00A5EA7D /* DelugeRemote.app */ = {isa = PBXFileReference; explicitFileType = wrapper.application; includeInIndex = 0; path = DelugeRemote.app; sourceTree = BUILT_PRODUCTS_DIR; };
		47BFEDCF24A8F11E00A5EA7D /* Info.plist */ = {isa = PBXFileReference; lastKnownFileType = text.plist.xml; path = Info.plist; sourceTree = "<group>"; };
		47BFEDD424A8F11E00A5EA7D /* DelugeRemote.app */ = {isa = PBXFileReference; explicitFileType = wrapper.application; includeInIndex = 0; path = DelugeRemote.app; sourceTree = BUILT_PRODUCTS_DIR; };
		47BFEDD624A8F11E00A5EA7D /* Info.plist */ = {isa = PBXFileReference; lastKnownFileType = text.plist.xml; path = Info.plist; sourceTree = "<group>"; };
		47BFEDD724A8F11E00A5EA7D /* macOS.entitlements */ = {isa = PBXFileReference; lastKnownFileType = text.plist.entitlements; path = macOS.entitlements; sourceTree = "<group>"; };
		47BFEDE724A8F4C100A5EA7D /* AppSidebarNavigation.swift */ = {isa = PBXFileReference; lastKnownFileType = sourcecode.swift; path = AppSidebarNavigation.swift; sourceTree = "<group>"; };
		47BFEDEA24A8F7AF00A5EA7D /* data.json */ = {isa = PBXFileReference; lastKnownFileType = text.json; path = data.json; sourceTree = "<group>"; };
		47BFEDF024A8F8EF00A5EA7D /* TorrentOverview.swift */ = {isa = PBXFileReference; fileEncoding = 4; lastKnownFileType = sourcecode.swift; path = TorrentOverview.swift; sourceTree = "<group>"; };
		47BFEDF124A8F8EF00A5EA7D /* DelugeFileProgress.swift */ = {isa = PBXFileReference; fileEncoding = 4; lastKnownFileType = sourcecode.swift; path = DelugeFileProgress.swift; sourceTree = "<group>"; };
		47BFEDF224A8F8EF00A5EA7D /* DelugeBool.swift */ = {isa = PBXFileReference; fileEncoding = 4; lastKnownFileType = sourcecode.swift; path = DelugeBool.swift; sourceTree = "<group>"; };
		47BFEDF324A8F8EF00A5EA7D /* Host.swift */ = {isa = PBXFileReference; fileEncoding = 4; lastKnownFileType = sourcecode.swift; path = Host.swift; sourceTree = "<group>"; };
		47BFEDF424A8F8EF00A5EA7D /* TorrentInfo.swift */ = {isa = PBXFileReference; fileEncoding = 4; lastKnownFileType = sourcecode.swift; path = TorrentInfo.swift; sourceTree = "<group>"; };
		47BFEDF524A8F8EF00A5EA7D /* Torrent.swift */ = {isa = PBXFileReference; fileEncoding = 4; lastKnownFileType = sourcecode.swift; path = Torrent.swift; sourceTree = "<group>"; };
		47BFEDF624A8F8EF00A5EA7D /* SessionStatus.swift */ = {isa = PBXFileReference; fileEncoding = 4; lastKnownFileType = sourcecode.swift; path = SessionStatus.swift; sourceTree = "<group>"; };
		47BFEDF724A8F8EF00A5EA7D /* TorrentConfig.swift */ = {isa = PBXFileReference; fileEncoding = 4; lastKnownFileType = sourcecode.swift; path = TorrentConfig.swift; sourceTree = "<group>"; };
		47BFEE1B24A8FD1800A5EA7D /* Int.swift */ = {isa = PBXFileReference; fileEncoding = 4; lastKnownFileType = sourcecode.swift; path = Int.swift; sourceTree = "<group>"; };
		47BFEE1C24A8FD1800A5EA7D /* String.swift */ = {isa = PBXFileReference; fileEncoding = 4; lastKnownFileType = sourcecode.swift; path = String.swift; sourceTree = "<group>"; };
		47BFEE1E24A8FD1800A5EA7D /* Double.swift */ = {isa = PBXFileReference; fileEncoding = 4; lastKnownFileType = sourcecode.swift; path = Double.swift; sourceTree = "<group>"; };
		47BFEE2724A8FD9300A5EA7D /* VisualEffectBlur.swift */ = {isa = PBXFileReference; fileEncoding = 4; lastKnownFileType = sourcecode.swift; path = VisualEffectBlur.swift; sourceTree = "<group>"; };
		47BFEE2D24A900CD00A5EA7D /* TorrentRow.swift */ = {isa = PBXFileReference; lastKnownFileType = sourcecode.swift; path = TorrentRow.swift; sourceTree = "<group>"; };
		47DF660524A911D70001D32F /* TorrentList.swift */ = {isa = PBXFileReference; lastKnownFileType = sourcecode.swift; path = TorrentList.swift; sourceTree = "<group>"; };
		47DF660C24A94A780001D32F /* ContentRow.swift */ = {isa = PBXFileReference; lastKnownFileType = sourcecode.swift; path = ContentRow.swift; sourceTree = "<group>"; };
		47DF660F24A953970001D32F /* Torrent+SwiftUI.swift */ = {isa = PBXFileReference; lastKnownFileType = sourcecode.swift; path = "Torrent+SwiftUI.swift"; sourceTree = "<group>"; };
/* End PBXFileReference section */

/* Begin PBXFrameworksBuildPhase section */
		47BFEDC924A8F11E00A5EA7D /* Frameworks */ = {
			isa = PBXFrameworksBuildPhase;
			buildActionMask = 2147483647;
			files = (
			);
			runOnlyForDeploymentPostprocessing = 0;
		};
		47BFEDD124A8F11E00A5EA7D /* Frameworks */ = {
			isa = PBXFrameworksBuildPhase;
			buildActionMask = 2147483647;
			files = (
			);
			runOnlyForDeploymentPostprocessing = 0;
		};
/* End PBXFrameworksBuildPhase section */

/* Begin PBXGroup section */
		47BFEDBF24A8F11D00A5EA7D = {
			isa = PBXGroup;
			children = (
				47BFEDC424A8F11D00A5EA7D /* Shared */,
				47BFEDCE24A8F11E00A5EA7D /* iOS */,
				47BFEDD524A8F11E00A5EA7D /* macOS */,
				47BFEDCD24A8F11E00A5EA7D /* Products */,
			);
			sourceTree = "<group>";
		};
		47BFEDC424A8F11D00A5EA7D /* Shared */ = {
			isa = PBXGroup;
			children = (
				47DF660B24A94A5B0001D32F /* Model */,
				47BFEE2A24A8FF3000A5EA7D /* Torrent */,
				47BFEE1A24A8FD1800A5EA7D /* Extensions */,
				47BFEDEE24A8F8B700A5EA7D /* Data Model */,
				47BFEDED24A8F84F00A5EA7D /* Resources */,
				47BFEDE624A8F43500A5EA7D /* Navigation */,
				47BFEDC524A8F11D00A5EA7D /* DelugeRemoteApp.swift */,
				47BFEDC724A8F11E00A5EA7D /* Assets.xcassets */,
			);
			path = Shared;
			sourceTree = "<group>";
		};
		47BFEDCD24A8F11E00A5EA7D /* Products */ = {
			isa = PBXGroup;
			children = (
				47BFEDCC24A8F11E00A5EA7D /* DelugeRemote.app */,
				47BFEDD424A8F11E00A5EA7D /* DelugeRemote.app */,
			);
			name = Products;
			sourceTree = "<group>";
		};
		47BFEDCE24A8F11E00A5EA7D /* iOS */ = {
			isa = PBXGroup;
			children = (
				47BFEDCF24A8F11E00A5EA7D /* Info.plist */,
			);
			path = iOS;
			sourceTree = "<group>";
		};
		47BFEDD524A8F11E00A5EA7D /* macOS */ = {
			isa = PBXGroup;
			children = (
				47BFEE2724A8FD9300A5EA7D /* VisualEffectBlur.swift */,
				47BFEDD624A8F11E00A5EA7D /* Info.plist */,
				47BFEDD724A8F11E00A5EA7D /* macOS.entitlements */,
			);
			path = macOS;
			sourceTree = "<group>";
		};
		47BFEDE624A8F43500A5EA7D /* Navigation */ = {
			isa = PBXGroup;
			children = (
				47BFEDC624A8F11D00A5EA7D /* ContentView.swift */,
				47BFEDE724A8F4C100A5EA7D /* AppSidebarNavigation.swift */,
			);
			path = Navigation;
			sourceTree = "<group>";
		};
		47BFEDED24A8F84F00A5EA7D /* Resources */ = {
			isa = PBXGroup;
			children = (
				47BFEDEA24A8F7AF00A5EA7D /* data.json */,
			);
			path = Resources;
			sourceTree = "<group>";
		};
		47BFEDEE24A8F8B700A5EA7D /* Data Model */ = {
			isa = PBXGroup;
			children = (
				47BFEDF224A8F8EF00A5EA7D /* DelugeBool.swift */,
				47BFEDF124A8F8EF00A5EA7D /* DelugeFileProgress.swift */,
				47BFEDF324A8F8EF00A5EA7D /* Host.swift */,
				47BFEDF624A8F8EF00A5EA7D /* SessionStatus.swift */,
				47BFEDF424A8F8EF00A5EA7D /* TorrentInfo.swift */,
				47BFEDF724A8F8EF00A5EA7D /* TorrentConfig.swift */,
				47BFEDF024A8F8EF00A5EA7D /* TorrentOverview.swift */,
			);
			path = "Data Model";
			sourceTree = "<group>";
		};
		47BFEE1A24A8FD1800A5EA7D /* Extensions */ = {
			isa = PBXGroup;
			children = (
				47BFEE1B24A8FD1800A5EA7D /* Int.swift */,
				47BFEE1C24A8FD1800A5EA7D /* String.swift */,
				47BFEE1E24A8FD1800A5EA7D /* Double.swift */,
			);
			path = Extensions;
			sourceTree = "<group>";
		};
		47BFEE2A24A8FF3000A5EA7D /* Torrent */ = {
			isa = PBXGroup;
			children = (
				47BFEDF524A8F8EF00A5EA7D /* Torrent.swift */,
				47DF660F24A953970001D32F /* Torrent+SwiftUI.swift */,
				47BFEE2D24A900CD00A5EA7D /* TorrentRow.swift */,
				47DF660524A911D70001D32F /* TorrentList.swift */,
				4759012324A993EA00926050 /* TorrentView.swift */,
			);
			path = Torrent;
			sourceTree = "<group>";
		};
		47DF660B24A94A5B0001D32F /* Model */ = {
			isa = PBXGroup;
			children = (
				47DF660C24A94A780001D32F /* ContentRow.swift */,
			);
			path = Model;
			sourceTree = "<group>";
		};
/* End PBXGroup section */

/* Begin PBXNativeTarget section */
		47BFEDCB24A8F11E00A5EA7D /* iOS */ = {
			isa = PBXNativeTarget;
			buildConfigurationList = 47BFEDE024A8F11E00A5EA7D /* Build configuration list for PBXNativeTarget "iOS" */;
			buildPhases = (
				47BFEDC824A8F11E00A5EA7D /* Sources */,
				47BFEDC924A8F11E00A5EA7D /* Frameworks */,
				47BFEDCA24A8F11E00A5EA7D /* Resources */,
			);
			buildRules = (
			);
			dependencies = (
			);
			name = iOS;
			productName = iOS;
			productReference = 47BFEDCC24A8F11E00A5EA7D /* DelugeRemote.app */;
			productType = "com.apple.product-type.application";
		};
		47BFEDD324A8F11E00A5EA7D /* macOS */ = {
			isa = PBXNativeTarget;
			buildConfigurationList = 47BFEDE324A8F11E00A5EA7D /* Build configuration list for PBXNativeTarget "macOS" */;
			buildPhases = (
				47BFEDD024A8F11E00A5EA7D /* Sources */,
				47BFEDD124A8F11E00A5EA7D /* Frameworks */,
				47BFEDD224A8F11E00A5EA7D /* Resources */,
			);
			buildRules = (
			);
			dependencies = (
			);
			name = macOS;
			productName = macOS;
			productReference = 47BFEDD424A8F11E00A5EA7D /* DelugeRemote.app */;
			productType = "com.apple.product-type.application";
		};
/* End PBXNativeTarget section */

/* Begin PBXProject section */
		47BFEDC024A8F11D00A5EA7D /* Project object */ = {
			isa = PBXProject;
			attributes = {
				KnownAssetTags = (
					New,
				);
				LastSwiftUpdateCheck = 1200;
				LastUpgradeCheck = 1200;
				TargetAttributes = {
					47BFEDCB24A8F11E00A5EA7D = {
						CreatedOnToolsVersion = 12.0;
					};
					47BFEDD324A8F11E00A5EA7D = {
						CreatedOnToolsVersion = 12.0;
					};
				};
			};
			buildConfigurationList = 47BFEDC324A8F11D00A5EA7D /* Build configuration list for PBXProject "DelugeRemote" */;
			compatibilityVersion = "Xcode 9.3";
			developmentRegion = en;
			hasScannedForEncodings = 0;
			knownRegions = (
				en,
				Base,
			);
			mainGroup = 47BFEDBF24A8F11D00A5EA7D;
			productRefGroup = 47BFEDCD24A8F11E00A5EA7D /* Products */;
			projectDirPath = "";
			projectRoot = "";
			targets = (
				47BFEDCB24A8F11E00A5EA7D /* iOS */,
				47BFEDD324A8F11E00A5EA7D /* macOS */,
			);
		};
/* End PBXProject section */

/* Begin PBXResourcesBuildPhase section */
		47BFEDCA24A8F11E00A5EA7D /* Resources */ = {
			isa = PBXResourcesBuildPhase;
			buildActionMask = 2147483647;
			files = (
				47BFEDDC24A8F11E00A5EA7D /* Assets.xcassets in Resources */,
				47BFEDEB24A8F7AF00A5EA7D /* data.json in Resources */,
			);
			runOnlyForDeploymentPostprocessing = 0;
		};
		47BFEDD224A8F11E00A5EA7D /* Resources */ = {
			isa = PBXResourcesBuildPhase;
			buildActionMask = 2147483647;
			files = (
				47BFEDDD24A8F11E00A5EA7D /* Assets.xcassets in Resources */,
				47BFEDEC24A8F7AF00A5EA7D /* data.json in Resources */,
			);
			runOnlyForDeploymentPostprocessing = 0;
		};
/* End PBXResourcesBuildPhase section */

/* Begin PBXSourcesBuildPhase section */
		47BFEDC824A8F11E00A5EA7D /* Sources */ = {
			isa = PBXSourcesBuildPhase;
			buildActionMask = 2147483647;
			files = (
				47BFEDFE24A8F8EF00A5EA7D /* DelugeBool.swift in Sources */,
				47BFEE2124A8FD1800A5EA7D /* String.swift in Sources */,
				47BFEDDA24A8F11E00A5EA7D /* ContentView.swift in Sources */,
				47BFEDD824A8F11E00A5EA7D /* DelugeRemoteApp.swift in Sources */,
				47BFEE1F24A8FD1800A5EA7D /* Int.swift in Sources */,
				47BFEE0024A8F8EF00A5EA7D /* Host.swift in Sources */,
				47DF660624A911D70001D32F /* TorrentList.swift in Sources */,
				4759012424A993EA00926050 /* TorrentView.swift in Sources */,
				47DF660D24A94A780001D32F /* ContentRow.swift in Sources */,
				47BFEDFC24A8F8EF00A5EA7D /* DelugeFileProgress.swift in Sources */,
				47BFEE0424A8F8EF00A5EA7D /* Torrent.swift in Sources */,
				47DF661024A953970001D32F /* Torrent+SwiftUI.swift in Sources */,
				47BFEE0224A8F8EF00A5EA7D /* TorrentInfo.swift in Sources */,
				47BFEE0624A8F8EF00A5EA7D /* SessionStatus.swift in Sources */,
				47BFEDFA24A8F8EF00A5EA7D /* TorrentOverview.swift in Sources */,
				47BFEE0824A8F8EF00A5EA7D /* TorrentConfig.swift in Sources */,
				47BFEE2524A8FD1800A5EA7D /* Double.swift in Sources */,
				47BFEDE824A8F4C100A5EA7D /* AppSidebarNavigation.swift in Sources */,
				47BFEE2E24A900CD00A5EA7D /* TorrentRow.swift in Sources */,
			);
			runOnlyForDeploymentPostprocessing = 0;
		};
		47BFEDD024A8F11E00A5EA7D /* Sources */ = {
			isa = PBXSourcesBuildPhase;
			buildActionMask = 2147483647;
			files = (
				47BFEE2924A8FD9300A5EA7D /* VisualEffectBlur.swift in Sources */,
				47BFEE2F24A900CD00A5EA7D /* TorrentRow.swift in Sources */,
				47BFEDFF24A8F8EF00A5EA7D /* DelugeBool.swift in Sources */,
				47BFEE2224A8FD1800A5EA7D /* String.swift in Sources */,
				47DF660724A911D70001D32F /* TorrentList.swift in Sources */,
				4759012524A993EA00926050 /* TorrentView.swift in Sources */,
				47BFEDDB24A8F11E00A5EA7D /* ContentView.swift in Sources */,
				47BFEDD924A8F11E00A5EA7D /* DelugeRemoteApp.swift in Sources */,
				47DF661124A953970001D32F /* Torrent+SwiftUI.swift in Sources */,
				47BFEE2024A8FD1800A5EA7D /* Int.swift in Sources */,
				47BFEE0124A8F8EF00A5EA7D /* Host.swift in Sources */,
				47BFEDFD24A8F8EF00A5EA7D /* DelugeFileProgress.swift in Sources */,
				47BFEE0524A8F8EF00A5EA7D /* Torrent.swift in Sources */,
				47BFEE0324A8F8EF00A5EA7D /* TorrentInfo.swift in Sources */,
				47BFEE0724A8F8EF00A5EA7D /* SessionStatus.swift in Sources */,
				47BFEDFB24A8F8EF00A5EA7D /* TorrentOverview.swift in Sources */,
				47BFEE0924A8F8EF00A5EA7D /* TorrentConfig.swift in Sources */,
				47BFEE2624A8FD1800A5EA7D /* Double.swift in Sources */,
				47BFEDE924A8F4C100A5EA7D /* AppSidebarNavigation.swift in Sources */,
				47DF660E24A94A780001D32F /* ContentRow.swift in Sources */,
			);
			runOnlyForDeploymentPostprocessing = 0;
		};
/* End PBXSourcesBuildPhase section */

/* Begin XCBuildConfiguration section */
		47BFEDDE24A8F11E00A5EA7D /* Debug */ = {
			isa = XCBuildConfiguration;
			buildSettings = {
				ALWAYS_SEARCH_USER_PATHS = NO;
				CLANG_ANALYZER_NONNULL = YES;
				CLANG_ANALYZER_NUMBER_OBJECT_CONVERSION = YES_AGGRESSIVE;
				CLANG_CXX_LANGUAGE_STANDARD = "gnu++14";
				CLANG_CXX_LIBRARY = "libc++";
				CLANG_ENABLE_MODULES = YES;
				CLANG_ENABLE_OBJC_ARC = YES;
				CLANG_ENABLE_OBJC_WEAK = YES;
				CLANG_WARN_BLOCK_CAPTURE_AUTORELEASING = YES;
				CLANG_WARN_BOOL_CONVERSION = YES;
				CLANG_WARN_COMMA = YES;
				CLANG_WARN_CONSTANT_CONVERSION = YES;
				CLANG_WARN_DEPRECATED_OBJC_IMPLEMENTATIONS = YES;
				CLANG_WARN_DIRECT_OBJC_ISA_USAGE = YES_ERROR;
				CLANG_WARN_DOCUMENTATION_COMMENTS = YES;
				CLANG_WARN_EMPTY_BODY = YES;
				CLANG_WARN_ENUM_CONVERSION = YES;
				CLANG_WARN_INFINITE_RECURSION = YES;
				CLANG_WARN_INT_CONVERSION = YES;
				CLANG_WARN_NON_LITERAL_NULL_CONVERSION = YES;
				CLANG_WARN_OBJC_IMPLICIT_RETAIN_SELF = YES;
				CLANG_WARN_OBJC_LITERAL_CONVERSION = YES;
				CLANG_WARN_OBJC_ROOT_CLASS = YES_ERROR;
				CLANG_WARN_QUOTED_INCLUDE_IN_FRAMEWORK_HEADER = YES;
				CLANG_WARN_RANGE_LOOP_ANALYSIS = YES;
				CLANG_WARN_STRICT_PROTOTYPES = YES;
				CLANG_WARN_SUSPICIOUS_MOVE = YES;
				CLANG_WARN_UNGUARDED_AVAILABILITY = YES_AGGRESSIVE;
				CLANG_WARN_UNREACHABLE_CODE = YES;
				CLANG_WARN__DUPLICATE_METHOD_MATCH = YES;
				COPY_PHASE_STRIP = NO;
				DEBUG_INFORMATION_FORMAT = dwarf;
				ENABLE_STRICT_OBJC_MSGSEND = YES;
				ENABLE_TESTABILITY = YES;
				GCC_C_LANGUAGE_STANDARD = gnu11;
				GCC_DYNAMIC_NO_PIC = NO;
				GCC_NO_COMMON_BLOCKS = YES;
				GCC_OPTIMIZATION_LEVEL = 0;
				GCC_PREPROCESSOR_DEFINITIONS = (
					"DEBUG=1",
					"$(inherited)",
				);
				GCC_WARN_64_TO_32_BIT_CONVERSION = YES;
				GCC_WARN_ABOUT_RETURN_TYPE = YES_ERROR;
				GCC_WARN_UNDECLARED_SELECTOR = YES;
				GCC_WARN_UNINITIALIZED_AUTOS = YES_AGGRESSIVE;
				GCC_WARN_UNUSED_FUNCTION = YES;
				GCC_WARN_UNUSED_VARIABLE = YES;
				MTL_ENABLE_DEBUG_INFO = INCLUDE_SOURCE;
				MTL_FAST_MATH = YES;
				ONLY_ACTIVE_ARCH = YES;
				SWIFT_ACTIVE_COMPILATION_CONDITIONS = DEBUG;
				SWIFT_OPTIMIZATION_LEVEL = "-Onone";
			};
			name = Debug;
		};
		47BFEDDF24A8F11E00A5EA7D /* Release */ = {
			isa = XCBuildConfiguration;
			buildSettings = {
				ALWAYS_SEARCH_USER_PATHS = NO;
				CLANG_ANALYZER_NONNULL = YES;
				CLANG_ANALYZER_NUMBER_OBJECT_CONVERSION = YES_AGGRESSIVE;
				CLANG_CXX_LANGUAGE_STANDARD = "gnu++14";
				CLANG_CXX_LIBRARY = "libc++";
				CLANG_ENABLE_MODULES = YES;
				CLANG_ENABLE_OBJC_ARC = YES;
				CLANG_ENABLE_OBJC_WEAK = YES;
				CLANG_WARN_BLOCK_CAPTURE_AUTORELEASING = YES;
				CLANG_WARN_BOOL_CONVERSION = YES;
				CLANG_WARN_COMMA = YES;
				CLANG_WARN_CONSTANT_CONVERSION = YES;
				CLANG_WARN_DEPRECATED_OBJC_IMPLEMENTATIONS = YES;
				CLANG_WARN_DIRECT_OBJC_ISA_USAGE = YES_ERROR;
				CLANG_WARN_DOCUMENTATION_COMMENTS = YES;
				CLANG_WARN_EMPTY_BODY = YES;
				CLANG_WARN_ENUM_CONVERSION = YES;
				CLANG_WARN_INFINITE_RECURSION = YES;
				CLANG_WARN_INT_CONVERSION = YES;
				CLANG_WARN_NON_LITERAL_NULL_CONVERSION = YES;
				CLANG_WARN_OBJC_IMPLICIT_RETAIN_SELF = YES;
				CLANG_WARN_OBJC_LITERAL_CONVERSION = YES;
				CLANG_WARN_OBJC_ROOT_CLASS = YES_ERROR;
				CLANG_WARN_QUOTED_INCLUDE_IN_FRAMEWORK_HEADER = YES;
				CLANG_WARN_RANGE_LOOP_ANALYSIS = YES;
				CLANG_WARN_STRICT_PROTOTYPES = YES;
				CLANG_WARN_SUSPICIOUS_MOVE = YES;
				CLANG_WARN_UNGUARDED_AVAILABILITY = YES_AGGRESSIVE;
				CLANG_WARN_UNREACHABLE_CODE = YES;
				CLANG_WARN__DUPLICATE_METHOD_MATCH = YES;
				COPY_PHASE_STRIP = NO;
				DEBUG_INFORMATION_FORMAT = "dwarf-with-dsym";
				ENABLE_NS_ASSERTIONS = NO;
				ENABLE_STRICT_OBJC_MSGSEND = YES;
				GCC_C_LANGUAGE_STANDARD = gnu11;
				GCC_NO_COMMON_BLOCKS = YES;
				GCC_WARN_64_TO_32_BIT_CONVERSION = YES;
				GCC_WARN_ABOUT_RETURN_TYPE = YES_ERROR;
				GCC_WARN_UNDECLARED_SELECTOR = YES;
				GCC_WARN_UNINITIALIZED_AUTOS = YES_AGGRESSIVE;
				GCC_WARN_UNUSED_FUNCTION = YES;
				GCC_WARN_UNUSED_VARIABLE = YES;
				MTL_ENABLE_DEBUG_INFO = NO;
				MTL_FAST_MATH = YES;
				SWIFT_COMPILATION_MODE = wholemodule;
				SWIFT_OPTIMIZATION_LEVEL = "-O";
			};
			name = Release;
		};
		47BFEDE124A8F11E00A5EA7D /* Debug */ = {
			isa = XCBuildConfiguration;
			buildSettings = {
				ASSETCATALOG_COMPILER_APPICON_NAME = AppIcon;
				ASSETCATALOG_COMPILER_GLOBAL_ACCENT_COLOR_NAME = AccentColor;
				CODE_SIGN_STYLE = Automatic;
				DEVELOPMENT_TEAM = NZ8449Y9W6;
				ENABLE_PREVIEWS = YES;
				INFOPLIST_FILE = iOS/Info.plist;
				IPHONEOS_DEPLOYMENT_TARGET = 14.0;
				LD_RUNPATH_SEARCH_PATHS = (
					"$(inherited)",
					"@executable_path/Frameworks",
				);
				PRODUCT_BUNDLE_IDENTIFIER = io.rudybermudez.DelugeRemote;
				PRODUCT_NAME = DelugeRemote;
				SDKROOT = iphoneos;
				SWIFT_VERSION = 5.0;
				TARGETED_DEVICE_FAMILY = "1,2";
			};
			name = Debug;
		};
		47BFEDE224A8F11E00A5EA7D /* Release */ = {
			isa = XCBuildConfiguration;
			buildSettings = {
				ASSETCATALOG_COMPILER_APPICON_NAME = AppIcon;
				ASSETCATALOG_COMPILER_GLOBAL_ACCENT_COLOR_NAME = AccentColor;
				CODE_SIGN_STYLE = Automatic;
				DEVELOPMENT_TEAM = NZ8449Y9W6;
				ENABLE_PREVIEWS = YES;
				INFOPLIST_FILE = iOS/Info.plist;
				IPHONEOS_DEPLOYMENT_TARGET = 14.0;
				LD_RUNPATH_SEARCH_PATHS = (
					"$(inherited)",
					"@executable_path/Frameworks",
				);
				PRODUCT_BUNDLE_IDENTIFIER = io.rudybermudez.DelugeRemote;
				PRODUCT_NAME = DelugeRemote;
				SDKROOT = iphoneos;
				SWIFT_VERSION = 5.0;
				TARGETED_DEVICE_FAMILY = "1,2";
				VALIDATE_PRODUCT = YES;
			};
			name = Release;
		};
		47BFEDE424A8F11E00A5EA7D /* Debug */ = {
			isa = XCBuildConfiguration;
			buildSettings = {
				ASSETCATALOG_COMPILER_APPICON_NAME = AppIcon;
				ASSETCATALOG_COMPILER_GLOBAL_ACCENT_COLOR_NAME = AccentColor;
				CODE_SIGN_ENTITLEMENTS = macOS/macOS.entitlements;
				CODE_SIGN_STYLE = Automatic;
				COMBINE_HIDPI_IMAGES = YES;
				DEVELOPMENT_TEAM = NZ8449Y9W6;
				ENABLE_HARDENED_RUNTIME = YES;
				ENABLE_PREVIEWS = YES;
				INFOPLIST_FILE = macOS/Info.plist;
				LD_RUNPATH_SEARCH_PATHS = (
					"$(inherited)",
					"@executable_path/../Frameworks",
				);
				MACOSX_DEPLOYMENT_TARGET = 10.16;
				PRODUCT_BUNDLE_IDENTIFIER = io.rudybermudez.DelugeRemote;
				PRODUCT_NAME = DelugeRemote;
				SDKROOT = macosx;
				SWIFT_VERSION = 5.0;
			};
			name = Debug;
		};
		47BFEDE524A8F11E00A5EA7D /* Release */ = {
			isa = XCBuildConfiguration;
			buildSettings = {
				ASSETCATALOG_COMPILER_APPICON_NAME = AppIcon;
				ASSETCATALOG_COMPILER_GLOBAL_ACCENT_COLOR_NAME = AccentColor;
				CODE_SIGN_ENTITLEMENTS = macOS/macOS.entitlements;
				CODE_SIGN_STYLE = Automatic;
				COMBINE_HIDPI_IMAGES = YES;
				DEVELOPMENT_TEAM = NZ8449Y9W6;
				ENABLE_HARDENED_RUNTIME = YES;
				ENABLE_PREVIEWS = YES;
				INFOPLIST_FILE = macOS/Info.plist;
				LD_RUNPATH_SEARCH_PATHS = (
					"$(inherited)",
					"@executable_path/../Frameworks",
				);
				MACOSX_DEPLOYMENT_TARGET = 10.16;
				PRODUCT_BUNDLE_IDENTIFIER = io.rudybermudez.DelugeRemote;
				PRODUCT_NAME = DelugeRemote;
				SDKROOT = macosx;
				SWIFT_VERSION = 5.0;
			};
			name = Release;
		};
/* End XCBuildConfiguration section */

/* Begin XCConfigurationList section */
		47BFEDC324A8F11D00A5EA7D /* Build configuration list for PBXProject "DelugeRemote" */ = {
			isa = XCConfigurationList;
			buildConfigurations = (
				47BFEDDE24A8F11E00A5EA7D /* Debug */,
				47BFEDDF24A8F11E00A5EA7D /* Release */,
			);
			defaultConfigurationIsVisible = 0;
			defaultConfigurationName = Release;
		};
		47BFEDE024A8F11E00A5EA7D /* Build configuration list for PBXNativeTarget "iOS" */ = {
			isa = XCConfigurationList;
			buildConfigurations = (
				47BFEDE124A8F11E00A5EA7D /* Debug */,
				47BFEDE224A8F11E00A5EA7D /* Release */,
			);
			defaultConfigurationIsVisible = 0;
			defaultConfigurationName = Release;
		};
		47BFEDE324A8F11E00A5EA7D /* Build configuration list for PBXNativeTarget "macOS" */ = {
			isa = XCConfigurationList;
			buildConfigurations = (
				47BFEDE424A8F11E00A5EA7D /* Debug */,
				47BFEDE524A8F11E00A5EA7D /* Release */,
			);
			defaultConfigurationIsVisible = 0;
			defaultConfigurationName = Release;
		};
/* End XCConfigurationList section */
	};
	rootObject = 47BFEDC024A8F11D00A5EA7D /* Project object */;
}
